
Microsoft Visual Studio Solution File, Format Version 12.00
# Visual Studio Version 16
VisualStudioVersion = 16.0.30804.86
MinimumVisualStudioVersion = 10.0.40219.1
Project("{FAE04EC0-301F-11D3-BF4B-00C04F79EFBC}") = "Quartz.Demo", "Quartz.Demo\Quartz.Demo.csproj", "{662F371F-56BF-4F0C-86D8-14EF3C54A262}"
EndProject
Global
	GlobalSection(SolutionConfigurationPlatforms) = preSolution
		Debug|Any CPU = Debug|Any CPU
		Release|Any CPU = Release|Any CPU
	EndGlobalSection
	GlobalSection(ProjectConfigurationPlatforms) = postSolution
		{662F371F-56BF-4F0C-86D8-14EF3C54A262}.Debug|Any CPU.ActiveCfg = Debug|Any CPU
		{662F371F-56BF-4F0C-86D8-14EF3C54A262}.Debug|Any CPU.Build.0 = Debug|Any CPU
		{662F371F-56BF-4F0C-86D8-14EF3C54A262}.Release|Any CPU.ActiveCfg = Release|Any CPU
		{662F371F-56BF-4F0C-86D8-14EF3C54A262}.Release|Any CPU.Build.0 = Release|Any CPU
	EndGlobalSection
	GlobalSection(SolutionProperties) = preSolution
		HideSolutionNode = FALSE
	EndGlobalSection
	GlobalSection(ExtensibilityGlobals) = postSolution
		SolutionGuid = {C80E4E18-6F5C-4314-94C8-A15A35624792}
	EndGlobalSection
EndGlobal
